version = 1
revision = 3
requires-python = ">=3.12"

[[package]]
name = "colorama"
version = "0.4.6"
source = { registry = "https://pypi.org/simple" }
sdist = { url = "https://files.pythonhosted.org/packages/d8/53/6f443c9a4a8358a93a6792e2acffb9d9d5cb0a5cfd8802644b7b1c9a02e4/colorama-0.4.6.tar.gz", hash = "sha256:08695f5cb7ed6e0531a20572697297273c47b8cae5a63ffc6d6ed5c201be6e44", size = 27697, upload-time = "2022-10-25T02:36:22.414Z" }
wheels = [
    { url = "https://files.pythonhosted.org/packages/d1/d6/3965ed04c63042e047cb6a3e6ed1a63a35087b6a609aa3a15ed8ac56c221/colorama-0.4.6-py2.py3-none-any.whl", hash = "sha256:4f1d9991f5acc0ca119f9d443620b77f9d6b33703e51011c16baf57afb285fc6", size = 25335, upload-time = "2022-10-25T02:36:20.889Z" },
]

[[package]]
name = "harness-taxonomy"
version = "1.0.0"
source = { virtual = "." }
dependencies = [
    { name = "msgpack" },
    { name = "zstandard" },
]

[package.dev-dependencies]
dev = [
    { name = "pytest" },
]

[package.metadata]
requires-dist = [
    { name = "msgpack", specifier = ">=1.0.8" },
    { name = "zstandard", specifier = ">=0.22.0" },
]

[package.metadata.requires-dev]
dev = [{ name = "pytest", specifier = ">=8.0.0" }]

[[package]]
name = "iniconfig"
version = "2.3.0"
source = { registry = "https://pypi.org/simple" }
sdist = { url = "https://files.pythonhosted.org/packages/72/34/14ca021ce8e5dfedc35312d08ba8bf51fdd999c576889fc2c24cb97f4f10/iniconfig-2.3.0.tar.gz", hash = "sha256:c76315c77db068650d49c5b56314774a7804df16fee4402c1f19d6d15d8c4730", size = 20503, upload-time = "2025-10-18T21:55:43.219Z" }
wheels = [
    { url = "https://files.pythonhosted.org/packages/cb/b1/3846dd7f199d53cb17f49cba7e651e9ce294d8497c8c150530ed11865bb8/iniconfig-2.3.0-py3-none-any.whl", hash = "sha256:f631c04d2c48c52b84d0d0549c99ff3859c98df65b3101406327ecc7d53fbf12", size = 7484, upload-time = "2025-10-18T21:55:41.639Z" },
]

[[package]]
name = "msgpack"
version = "1.2.0"
source = { registry = "https://pypi.org/simple" }
sdist = { url = "https://files.pythonhosted.org/packages/92/23/6139781ca7aadf656fa8e384fa84693ffb13f299e6931b6526427fe5e297/msgpack-1.2.0.tar.gz", hash = "sha256:8e17af38197bf58e7e819041678f6178f4491493f5b8c8580414f40f7c2c3c41", size = 183017, upload-time = "2026-06-11T04:16:10.775Z" }
wheels = [
    { url = "https://files.pythonhosted.org/packages/44/07/dcb13f37e670257c8d0e944f116c799c34ac6968ecb48c83619f7e91d8b5/msgpack-1.2.0-cp312-cp312-macosx_10_13_x86_64.whl", hash = "sha256:e2d6047ccd11a12c96a69f2bfe026471abef67334c3d0494a93e5310e45140a2", size = 82888, upload-time = "2026-06-11T04:15:08.992Z" },
    { url = "https://files.pythonhosted.org/packages/84/5f/6643b2a6a36ca4bc73c7674831be1d4d581cceecc7eb019dba1915951739/msgpack-1.2.0-cp312-cp312-macosx_11_0_arm64.whl", hash = "sha256:0347e3ac0dfee99086d3b68fe959da3f5f657c0019ddbaeaaa259a85f8603422", size = 82223, upload-time = "2026-06-11T04:15:10.182Z" },
    { url = "https://files.pythonhosted.org/packages/2c/c8/9e1668b9897358e5ab39a18142e38be3cf15807e643757782da9f4a53cb3/msgpack-1.2.0-cp312-cp312-manylinux2014_aarch64.manylinux_2_17_aarch64.manylinux_2_28_aarch64.whl", hash = "sha256:25552ff1f2ff3dc8333e27eabb94f702da5929ed0e07969688194a3e9f12e151", size = 409700, upload-time = "2026-06-11T04:15:11.441Z" },
    { url = "https://files.pythonhosted.org/packages/38/ed/b7728573156d70b6b094233b0f38d876fc37340826cf852347ec2c7ca8ca/msgpack-1.2.0-cp312-cp312-manylinux2014_x86_64.manylinux_2_17_x86_64.manylinux_2_28_x86_64.whl", hash = "sha256:a0d94420d9d52c56568159a69200af7e45eadb29615fa9d09fada140de1c38c7", size = 420090, upload-time = "2026-06-11T04:15:12.868Z" },
    { url = "https://files.pythonhosted.org/packages/3f/f7/5ea755a89868c04f9cdf6d96d2d99da4b3d198af10e76a6082dd0fceccc0/msgpack-1.2.0-cp312-cp312-manylinux_2_31_riscv64.manylinux_2_39_riscv64.whl", hash = "sha256:d16e1f2db4a9eebc07b7cc91898d71e710f2eed8358711a605fee802caff8923", size = 378538, upload-time = "2026-06-11T04:15:14.511Z" },
    { url = "https://files.pythonhosted.org/packages/80/2d/126e59332a439c94ffd682c38ca0102b23480e2784b3dac48d8959b0bbac/msgpack-1.2.0-cp312-cp312-musllinux_1_2_aarch64.whl", hash = "sha256:e9cb2e700e85f1e27bbb5c9de6cc1c9a4bc5ac64d5404bdcbcb37a0dc7a947a3", size = 399468, upload-time = "2026-06-11T04:15:16.133Z" },
    { url = "https://files.pythonhosted.org/packages/da/f9/7abcef683a0ad2e5ab3a4940344aad9f20cdf1f42057ecb0982cf55085d6/msgpack-1.2.0-cp312-cp312-musllinux_1_2_riscv64.whl", hash = "sha256:717d0b166dd176a5f786aeafff081f6439680acf5af193eb63e6266c12b04d3d", size = 374212, upload-time = "2026-06-11T04:15:17.536Z" },
    { url = "https://files.pythonhosted.org/packages/27/23/2d62cf0e971678e96f8a3cfa9bd77fb719ddb98da73790f63c53fd847ad8/msgpack-1.2.0-cp312-cp312-musllinux_1_2_x86_64.whl", hash = "sha256:e87c7a21654d18111eb1a89bd5c42baba42e61887365d9e89585e112b4203f9e", size = 414361, upload-time = "2026-06-11T04:15:18.99Z" },
    { url = "https://files.pythonhosted.org/packages/32/fb/f5c153f614037aaf802d291a4653ba1bb731f56feacba886f7c21c109e56/msgpack-1.2.0-cp312-cp312-win32.whl", hash = "sha256:967e0c891f5f23ab65762f2e5dc95922759c79f1ef99ef4c7e1fdd863e0d0af9", size = 64389, upload-time = "2026-06-11T04:15:20.237Z" },
    { url = "https://files.pythonhosted.org/packages/90/af/8aafce6e5544b43b84cb670aca40c8bea7eb5ae8f42bfcbdc7098739987a/msgpack-1.2.0-cp312-cp312-win_amd64.whl", hash = "sha256:6c23e33cee28dcffa112ae205661da4636fd7b06bd9ad1559a890623b92d060b", size = 71185, upload-time = "2026-06-11T04:15:21.51Z" },
    { url = "https://files.pythonhosted.org/packages/ba/08/9cc94be1fc1fe3d1379d439326259aef0344274f64623a8138feb54dff68/msgpack-1.2.0-cp312-cp312-win_arm64.whl", hash = "sha256:6eeb771571f63f68045433b1a35c0256b946f31ed62f006997e40b8ad8b735af", size = 64481, upload-time = "2026-06-11T04:15:22.639Z" },
    { url = "https://files.pythonhosted.org/packages/7d/26/2902c6946ab5c8fe1e46e40842dfc32b8824464ad5cd4725364fd83f7a58/msgpack-1.2.0-cp313-cp313-macosx_10_13_x86_64.whl", hash = "sha256:3a1d30df1f302f2b7a7404afbac2ab76d510036c34cf34dffb01f704a7288e45", size = 82621, upload-time = "2026-06-11T04:15:23.844Z" },
    { url = "https://files.pythonhosted.org/packages/c9/59/7e6b812629d2f919e586041bffc130e1af32079f71bb20699eed54ed6d92/msgpack-1.2.0-cp313-cp313-macosx_11_0_arm64.whl", hash = "sha256:581e317112260d8ca488d490cad9290a5682276f309c41c7de237a85ed8799c8", size = 81866, upload-time = "2026-06-11T04:15:25.032Z" },
    { url = "https://files.pythonhosted.org/packages/31/13/8c291196e60aafdbae38f482205d79432297749ac5d412fe638154fb6f1d/msgpack-1.2.0-cp313-cp313-manylinux2014_aarch64.manylinux_2_17_aarch64.manylinux_2_28_aarch64.whl", hash = "sha256:c6827d12eacc16873eba62408a1b7bbe8ecfb4a8f7ed78a631ae9bae6ad43cf2", size = 405618, upload-time = "2026-06-11T04:15:26.235Z" },
    { url = "https://files.pythonhosted.org/packages/fb/63/68f5d0ea81e167db5f59ddb94dc6f837667062113feff1c73fabf8907061/msgpack-1.2.0-cp313-cp313-manylinux2014_x86_64.manylinux_2_17_x86_64.manylinux_2_28_x86_64.whl", hash = "sha256:a186027e4279efa4c8bf06ce30605498d7d0d3af0fba0b9799dce85a3fd4a93c", size = 416468, upload-time = "2026-06-11T04:15:27.732Z" },
    { url = "https://files.pythonhosted.org/packages/73/58/567dddf5c5a2790f673bcd7d80c83466d68e5ee9a9674ebca3db8101c0c8/msgpack-1.2.0-cp313-cp313-manylinux_2_31_riscv64.manylinux_2_39_riscv64.whl", hash = "sha256:a96142c14a11cf1a509e8b9aaf72858a3b742b7613e095ce646913e88ce7bd99", size = 374464, upload-time = "2026-06-11T04:15:29.286Z" },
    { url = "https://files.pythonhosted.org/packages/0d/30/0c2342fc9092e4498045f5f60bca6ccbe4f4d87789778c2300e6fd6efe82/msgpack-1.2.0-cp313-cp313-musllinux_1_2_aarch64.whl", hash = "sha256:50c220579b68a6085b95408b2eaa486b259520f55d8e363ddc9b5d7ba5a6ac6d", size = 395879, upload-time = "2026-06-11T04:15:30.973Z" },
    { url = "https://files.pythonhosted.org/packages/b9/11/9565b29b58ce3c33e177b490478b7aaeb8f726ecaaeda26d815893c1db5a/msgpack-1.2.0-cp313-cp313-musllinux_1_2_riscv64.whl", hash = "sha256:4dcb9d12ab100ecacdfaaf37a3d72fe8392eacc7054afc1916b12d1b747c8446", size = 371749, upload-time = "2026-06-11T04:15:32.418Z" },
    { url = "https://files.pythonhosted.org/packages/f2/da/7bade19d60b73e2ef73fb76aaf4504c112a70cb760951b7202a0c64b5111/msgpack-1.2.0-cp313-cp313-musllinux_1_2_x86_64.whl", hash = "sha256:a804727188ab0ebb237fadb303b743f04925a69d8c3247292d1e33e679767c15", size = 410416, upload-time = "2026-06-11T04:15:34.053Z" },
    { url = "https://files.pythonhosted.org/packages/6d/14/c0c619571c02432208a5977a8dbdd3fc65fe1369f8226ca4b6d08cca87d8/msgpack-1.2.0-cp313-cp313-win32.whl", hash = "sha256:1a1ac6ae1fe23298f79380e7b144c8a454e5d05616b0096584f353ba2d750114", size = 64357, upload-time = "2026-06-11T04:15:35.535Z" },
    { url = "https://files.pythonhosted.org/packages/50/a5/de06718460909aa965737fec4cfe8a15dedc6544a8c55feeb6956fa0d6e3/msgpack-1.2.0-cp313-cp313-win_amd64.whl", hash = "sha256:1c3c80949d79578f9dc85fd9fb91edfe6694e8a729cd5744634d59d8455fdde3", size = 71057, upload-time = "2026-06-11T04:15:36.83Z" },
    { url = "https://files.pythonhosted.org/packages/c7/52/73446b0141c94a856e22b787c56709c0815fc34f185326577e15b26d8cfe/msgpack-1.2.0-cp313-cp313-win_arm64.whl", hash = "sha256:fcf8f76fa587c2395fd0057c7232dbf071241f9ad280b235adb7ab585289989e", size = 64490, upload-time = "2026-06-11T04:15:38.001Z" },
    { url = "https://files.pythonhosted.org/packages/35/3d/a7e3cdafa8c0cf36c81e2fa848ec4d30cf089459af45b390ad03f9ce6f49/msgpack-1.2.0-cp314-cp314-macosx_10_15_x86_64.whl", hash = "sha256:f854fa1a8b55d75d82ef9a905d9cdbeffdf7897c088f6020bd221867da5e56a5", size = 83032, upload-time = "2026-06-11T04:15:39.38Z" },
    { url = "https://files.pythonhosted.org/packages/ca/aa/53ddfba0e347cc4b484e95f629c5850b9e800ca8390c91ffc604407acf87/msgpack-1.2.0-cp314-cp314-macosx_11_0_arm64.whl", hash = "sha256:e90df581f80f53b372d5d9d9349078d729851a3a0d0bd74f53ccb598d01e45b8", size = 82600, upload-time = "2026-06-11T04:15:40.609Z" },
    { url = "https://files.pythonhosted.org/packages/59/fd/e64c2c776e6dbad0af3c963fe0c0dd1ee1ba09efac478b233ab1db41868f/msgpack-1.2.0-cp314-cp314-manylinux2014_aarch64.manylinux_2_17_aarch64.manylinux_2_28_aarch64.whl", hash = "sha256:b276ed50d8ac75d1f134a433ae79af8557d0fa25ee5b4737da533dfc2ce382e8", size = 404342, upload-time = "2026-06-11T04:15:41.87Z" },
    { url = "https://files.pythonhosted.org/packages/1b/60/fb9a08e6ccba882dfd370a5837fe3a07572938fdfe954f0f17fdf3e574b9/msgpack-1.2.0-cp314-cp314-manylinux2014_x86_64.manylinux_2_17_x86_64.manylinux_2_28_x86_64.whl", hash = "sha256:544d972459c92aa32e63b800d07c2d9cf2734a3be29cee3a0b478a622850e9f5", size = 412351, upload-time = "2026-06-11T04:15:43.253Z" },
    { url = "https://files.pythonhosted.org/packages/37/4d/df5c575c274fedc68ac9c6c61d045161899efad2afcdc25138efa7edde69/msgpack-1.2.0-cp314-cp314-manylinux_2_31_riscv64.manylinux_2_39_riscv64.whl", hash = "sha256:a070147cc2cf6b8a891734e0f5c8fe8f70ed8739ab30ba140b058005a6e86af4", size = 373331, upload-time = "2026-06-11T04:15:44.754Z" },
    { url = "https://files.pythonhosted.org/packages/7d/a4/c8b98f8191e985ed2003d87664ce3c95cca41db5d0cf6bf4f54327d32ec8/msgpack-1.2.0-cp314-cp314-musllinux_1_2_aarch64.whl", hash = "sha256:7685e23b0f51745a751629c31713fbefdef8896b31b2bb38299dfa4ae6c0740c", size = 394654, upload-time = "2026-06-11T04:15:46.423Z" },
    { url = "https://files.pythonhosted.org/packages/d4/49/76f036720a602ea24428cfec5ec806f2487c0380b1bff0a2aa3094e15f87/msgpack-1.2.0-cp314-cp314-musllinux_1_2_riscv64.whl", hash = "sha256:b9204daeee8d91a7ae5acf2d2a8e3983be9a3025f38aa21bfaefbd7eea84a7dc", size = 370624, upload-time = "2026-06-11T04:15:48.062Z" },
    { url = "https://files.pythonhosted.org/packages/9f/38/40af3d29232833705a43b0fce0d07425cc280a7b92ab2b29932425b40df4/msgpack-1.2.0-cp314-cp314-musllinux_1_2_x86_64.whl", hash = "sha256:bfc057248609742ebbabf6bcd27fea4fd99c4980584e613c168c9b002318298f", size = 408038, upload-time = "2026-06-11T04:15:49.669Z" },
    { url = "https://files.pythonhosted.org/packages/30/b2/f140ca450524dff4d8d0eb81eb9ed75f8f3e0b1f12e49c5b01617cfa0b1c/msgpack-1.2.0-cp314-cp314-win32.whl", hash = "sha256:a3faa7edf2388337ae849239878e92f0298b4dab4488e4f1834062f9d0c410c9", size = 65823, upload-time = "2026-06-11T04:15:51.062Z" },
    { url = "https://files.pythonhosted.org/packages/4d/13/6517bf966b841c7675ded30701a068ce141f3e698a27aaa35c702d8e078b/msgpack-1.2.0-cp314-cp314-win_amd64.whl", hash = "sha256:1a3effc392a57744e4681e55d05f97d5ee7b598747d718340a9b4b8a970c40e1", size = 72484, upload-time = "2026-06-11T04:15:52.289Z" },
    { url = "https://files.pythonhosted.org/packages/45/8c/1d948420fdaa24de4efdb8012a6a5bebe09c82ee002b8c2ca745e9917f1f/msgpack-1.2.0-cp314-cp314-win_arm64.whl", hash = "sha256:56a318f7df6bec7b40928d6b0519961f20a510d8baabf6baa393a70444588f0a", size = 66657, upload-time = "2026-06-11T04:15:53.583Z" },
    { url = "https://files.pythonhosted.org/packages/39/16/1674faa1b7bddc19e79b465fd8e88e2cf4e3f7cae90723740701e8541068/msgpack-1.2.0-cp314-cp314t-macosx_10_15_x86_64.whl", hash = "sha256:afa4a65ab2097795e771a74a3a81ea49534aaeba874eaf426a3332268e045ae6", size = 86093, upload-time = "2026-06-11T04:15:54.98Z" },
    { url = "https://files.pythonhosted.org/packages/dd/24/f241bcfdd9e96b2246289357c5a5e5a496189fd41c5844bee802c116aac7/msgpack-1.2.0-cp314-cp314t-macosx_11_0_arm64.whl", hash = "sha256:409550770632bb28daa70a11d0ed5763f7db38f40b06f7db9f11dd2794d01102", size = 86372, upload-time = "2026-06-11T04:15:56.381Z" },
    { url = "https://files.pythonhosted.org/packages/94/c9/57f8ab98a1b21808c27b6dd6029053e0a796ffbb9b371e460dbe997011a9/msgpack-1.2.0-cp314-cp314t-manylinux2014_aarch64.manylinux_2_17_aarch64.manylinux_2_28_aarch64.whl", hash = "sha256:bf47e3cd11ce044965a9736a322afdd390b31ed602d1c1b10211d1a841f1d587", size = 428207, upload-time = "2026-06-11T04:15:57.739Z" },
    { url = "https://files.pythonhosted.org/packages/17/6b/4fd4aa739f131ded751ca7167c8ee87d2aab32506ebbeea893b60b51d343/msgpack-1.2.0-cp314-cp314t-manylinux2014_x86_64.manylinux_2_17_x86_64.manylinux_2_28_x86_64.whl", hash = "sha256:204bc9f5d6e59c1718c0a4a84fc8ff71b5b4562faac257c1a68bca611ecf9b72", size = 426082, upload-time = "2026-06-11T04:15:59.356Z" },
    { url = "https://files.pythonhosted.org/packages/f9/00/db88e9a08fcd6513decaad06cbd5c168142bc3e662fb2f1aca3a563b7aa1/msgpack-1.2.0-cp314-cp314t-manylinux_2_31_riscv64.manylinux_2_39_riscv64.whl", hash = "sha256:610154307b27267266368bc1d1c7bb8aeb71da7be9356d403cb2442d9e6399f5", size = 378355, upload-time = "2026-06-11T04:16:00.916Z" },
    { url = "https://files.pythonhosted.org/packages/54/84/eee4dd703d7a600cf46159d621c070b0b9468cf3dbade4ea8272bf5232a4/msgpack-1.2.0-cp314-cp314t-musllinux_1_2_aarch64.whl", hash = "sha256:6799f157bb63e79f11e2e590cfdb28423fc18dd60c270c3914b5b4586ae36f7e", size = 410848, upload-time = "2026-06-11T04:16:02.745Z" },
    { url = "https://files.pythonhosted.org/packages/12/0a/195e2c549fd4631eb7f157d016ff15a10c4c1cf82b6d0a9b1edaef5174b1/msgpack-1.2.0-cp314-cp314t-musllinux_1_2_riscv64.whl", hash = "sha256:72bd844902cf0a5ac3af2ef742f253cd0b1e5bcd184f49b4fb9a6a1f7bf305e8", size = 376152, upload-time = "2026-06-11T04:16:04.041Z" },
    { url = "https://files.pythonhosted.org/packages/45/9b/bdd143fa79baec411dc658f5686fed680a18b36fcea5fccb6af1b8c7d832/msgpack-1.2.0-cp314-cp314t-musllinux_1_2_x86_64.whl", hash = "sha256:3c0bd450f78d0d81722c80da6cdbf674a856967870a9db2f6c4debc4d8b3c67c", size = 417061, upload-time = "2026-06-11T04:16:05.63Z" },
    { url = "https://files.pythonhosted.org/packages/2d/ce/011ffcd8b919f55196ec53f12ae162e21c879d95afba226894314ff62c07/msgpack-1.2.0-cp314-cp314t-win32.whl", hash = "sha256:378caf74c4c718dfc17590ce68a6d710ed398ff6fcf08237de23b77755730b55", size = 70782, upload-time = "2026-06-11T04:16:07.105Z" },
    { url = "https://files.pythonhosted.org/packages/57/a8/9b8791ca96b1be6b9f659c718271e2cb7f99f73f58aad2dd0b30f750f6c0/msgpack-1.2.0-cp314-cp314t-win_amd64.whl", hash = "sha256:553b42598165c4dd3235994fd6e4b0dfb1ce5f3fd33d94ba9609442643015f38", size = 77899, upload-time = "2026-06-11T04:16:08.353Z" },
    { url = "https://files.pythonhosted.org/packages/5b/04/3fa2dffb87bf598696b86bde7cd642d0a7590520c3fa24cd19611dfebeb7/msgpack-1.2.0-cp314-cp314t-win_arm64.whl", hash = "sha256:2825bb1da548d214ab8a810906b7dd69a10f3838b615a2cc46e5172d3cb44f6e", size = 71004, upload-time = "2026-06-11T04:16:09.556Z" },
]

[[package]]
name = "packaging"
version = "26.2"
source = { registry = "https://pypi.org/simple" }
sdist = { url = "https://files.pythonhosted.org/packages/d7/f1/e7a6dd94a8d4a5626c03e4e99c87f241ba9e350cd9e6d75123f992427270/packaging-26.2.tar.gz", hash = "sha256:ff452ff5a3e828ce110190feff1178bb1f2ea2281fa2075aadb987c2fb221661", size = 228134, upload-time = "2026-04-24T20:15:23.917Z" }
wheels = [
    { url = "https://files.pythonhosted.org/packages/df/b2/87e62e8c3e2f4b32e5fe99e0b86d576da1312593b39f47d8ceef365e95ed/packaging-26.2-py3-none-any.whl", hash = "sha256:5fc45236b9446107ff2415ce77c807cee2862cb6fac22b8a73826d0693b0980e", size = 100195, upload-time = "2026-04-24T20:15:22.081Z" },
]

[[package]]
name = "pluggy"
version = "1.6.0"
source = { registry = "https://pypi.org/simple" }
sdist = { url = "https://files.pythonhosted.org/packages/f9/e2/3e91f31a7d2b083fe6ef3fa267035b518369d9511ffab804f839851d2779/pluggy-1.6.0.tar.gz", hash = "sha256:7dcc130b76258d33b90f61b658791dede3486c3e6bfb003ee5c9bfb396dd22f3", size = 69412, upload-time = "2025-05-15T12:30:07.975Z" }
wheels = [
    { url = "https://files.pythonhosted.org/packages/54/20/4d324d65cc6d9205fabedc306948156824eb9f0ee1633355a8f7ec5c66bf/pluggy-1.6.0-py3-none-any.whl", hash = "sha256:e920276dd6813095e9377c0bc5566d94c932c33b27a3e3945d8389c374dd4746", size = 20538, upload-time = "2025-05-15T12:30:06.134Z" },
]

[[package]]
name = "pygments"
version = "2.20.0"
source = { registry = "https://pypi.org/simple" }
sdist = { url = "https://files.pythonhosted.org/packages/c3/b2/bc9c9196916376152d655522fdcebac55e66de6603a76a02bca1b6414f6c/pygments-2.20.0.tar.gz", hash = "sha256:6757cd03768053ff99f3039c1a36d6c0aa0b263438fcab17520b30a303a82b5f", size = 4955991, upload-time = "2026-03-29T13:29:33.898Z" }
wheels = [
    { url = "https://files.pythonhosted.org/packages/f4/7e/a72dd26f3b0f4f2bf1dd8923c85f7ceb43172af56d63c7383eb62b332364/pygments-2.20.0-py3-none-any.whl", hash = "sha256:81a9e26dd42fd28a23a2d169d86d7ac03b46e2f8b59ed4698fb4785f946d0176", size = 1231151, upload-time = "2026-03-29T13:29:30.038Z" },
]

[[package]]
name = "pytest"
version = "9.1.0"
source = { registry = "https://pypi.org/simple" }
dependencies = [
    { name = "colorama", marker = "sys_platform == 'win32'" },
    { name = "iniconfig" },
    { name = "packaging" },
    { name = "pluggy" },
    { name = "pygments" },
]
sdist = { url = "https://files.pythonhosted.org/packages/84/0e/b5858858d74958632c49b72cb25a3976ff9f632397626715be71c89d3971/pytest-9.1.0.tar.gz", hash = "sha256:41dd9148c08072446394cefd3d79701701335a9f4cae69ba92e39f6c7f5c061c", size = 1634181, upload-time = "2026-06-13T18:52:45.983Z" }
wheels = [
    { url = "https://files.pythonhosted.org/packages/8b/5a/ba30a81239b909821b3153e303e7def45178bf353da4f72380e6c5e8793b/pytest-9.1.0-py3-none-any.whl", hash = "sha256:8ebb0e7888bdf2bdfc602ec51f8f62d50200af37356c74e503c79a94f5c81f32", size = 386453, upload-time = "2026-06-13T18:52:44.045Z" },
]

[[package]]
name = "zstandard"
version = "0.25.0"
source = { registry = "https://pypi.org/simple" }
sdist = { url = "https://files.pythonhosted.org/packages/fd/aa/3e0508d5a5dd96529cdc5a97011299056e14c6505b678fd58938792794b1/zstandard-0.25.0.tar.gz", hash = "sha256:7713e1179d162cf5c7906da876ec2ccb9c3a9dcbdffef0cc7f70c3667a205f0b", size = 711513, upload-time = "2025-09-14T22:15:54.002Z" }
wheels = [
    { url = "https://files.pythonhosted.org/packages/82/fc/f26eb6ef91ae723a03e16eddb198abcfce2bc5a42e224d44cc8b6765e57e/zstandard-0.25.0-cp312-cp312-macosx_10_13_x86_64.whl", hash = "sha256:7b3c3a3ab9daa3eed242d6ecceead93aebbb8f5f84318d82cee643e019c4b73b", size = 795738, upload-time = "2025-09-14T22:16:56.237Z" },
    { url = "https://files.pythonhosted.org/packages/aa/1c/d920d64b22f8dd028a8b90e2d756e431a5d86194caa78e3819c7bf53b4b3/zstandard-0.25.0-cp312-cp312-macosx_11_0_arm64.whl", hash = "sha256:913cbd31a400febff93b564a23e17c3ed2d56c064006f54efec210d586171c00", size = 640436, upload-time = "2025-09-14T22:16:57.774Z" },
    { url = "https://files.pythonhosted.org/packages/53/6c/288c3f0bd9fcfe9ca41e2c2fbfd17b2097f6af57b62a81161941f09afa76/zstandard-0.25.0-cp312-cp312-manylinux2010_i686.manylinux2014_i686.manylinux_2_12_i686.manylinux_2_17_i686.whl", hash = "sha256:011d388c76b11a0c165374ce660ce2c8efa8e5d87f34996aa80f9c0816698b64", size = 5343019, upload-time = "2025-09-14T22:16:59.302Z" },
    { url = "https://files.pythonhosted.org/packages/1e/15/efef5a2f204a64bdb5571e6161d49f7ef0fffdbca953a615efbec045f60f/zstandard-0.25.0-cp312-cp312-manylinux2014_aarch64.manylinux_2_17_aarch64.whl", hash = "sha256:6dffecc361d079bb48d7caef5d673c88c8988d3d33fb74ab95b7ee6da42652ea", size = 5063012, upload-time = "2025-09-14T22:17:01.156Z" },
    { url = "https://files.pythonhosted.org/packages/b7/37/a6ce629ffdb43959e92e87ebdaeebb5ac81c944b6a75c9c47e300f85abdf/zstandard-0.25.0-cp312-cp312-manylinux2014_ppc64le.manylinux_2_17_ppc64le.whl", hash = "sha256:7149623bba7fdf7e7f24312953bcf73cae103db8cae49f8154dd1eadc8a29ecb", size = 5394148, upload-time = "2025-09-14T22:17:03.091Z" },
    { url = "https://files.pythonhosted.org/packages/e3/79/2bf870b3abeb5c070fe2d670a5a8d1057a8270f125ef7676d29ea900f496/zstandard-0.25.0-cp312-cp312-manylinux2014_s390x.manylinux_2_17_s390x.whl", hash = "sha256:6a573a35693e03cf1d67799fd01b50ff578515a8aeadd4595d2a7fa9f3ec002a", size = 5451652, upload-time = "2025-09-14T22:17:04.979Z" },
    { url = "https://files.pythonhosted.org/packages/53/60/7be26e610767316c028a2cbedb9a3beabdbe33e2182c373f71a1c0b88f36/zstandard-0.25.0-cp312-cp312-manylinux2014_x86_64.manylinux_2_17_x86_64.whl", hash = "sha256:5a56ba0db2d244117ed744dfa8f6f5b366e14148e00de44723413b2f3938a902", size = 5546993, upload-time = "2025-09-14T22:17:06.781Z" },
    { url = "https://files.pythonhosted.org/packages/85/c7/3483ad9ff0662623f3648479b0380d2de5510abf00990468c286c6b04017/zstandard-0.25.0-cp312-cp312-musllinux_1_1_aarch64.whl", hash = "sha256:10ef2a79ab8e2974e2075fb984e5b9806c64134810fac21576f0668e7ea19f8f", size = 5046806, upload-time = "2025-09-14T22:17:08.415Z" },
    { url = "https://files.pythonhosted.org/packages/08/b3/206883dd25b8d1591a1caa44b54c2aad84badccf2f1de9e2d60a446f9a25/zstandard-0.25.0-cp312-cp312-musllinux_1_1_x86_64.whl", hash = "sha256:aaf21ba8fb76d102b696781bddaa0954b782536446083ae3fdaa6f16b25a1c4b", size = 5576659, upload-time = "2025-09-14T22:17:10.164Z" },
    { url = "https://files.pythonhosted.org/packages/9d/31/76c0779101453e6c117b0ff22565865c54f48f8bd807df2b00c2c404b8e0/zstandard-0.25.0-cp312-cp312-musllinux_1_2_aarch64.whl", hash = "sha256:1869da9571d5e94a85a5e8d57e4e8807b175c9e4a6294e3b66fa4efb074d90f6", size = 4953933, upload-time = "2025-09-14T22:17:11.857Z" },
    { url = "https://files.pythonhosted.org/packages/18/e1/97680c664a1bf9a247a280a053d98e251424af51f1b196c6d52f117c9720/zstandard-0.25.0-cp312-cp312-musllinux_1_2_i686.whl", hash = "sha256:809c5bcb2c67cd0ed81e9229d227d4ca28f82d0f778fc5fea624a9def3963f91", size = 5268008, upload-time = "2025-09-14T22:17:13.627Z" },
    { url = "https://files.pythonhosted.org/packages/1e/73/316e4010de585ac798e154e88fd81bb16afc5c5cb1a72eeb16dd37e8024a/zstandard-0.25.0-cp312-cp312-musllinux_1_2_ppc64le.whl", hash = "sha256:f27662e4f7dbf9f9c12391cb37b4c4c3cb90ffbd3b1fb9284dadbbb8935fa708", size = 5433517, upload-time = "2025-09-14T22:17:16.103Z" },
    { url = "https://files.pythonhosted.org/packages/5b/60/dd0f8cfa8129c5a0ce3ea6b7f70be5b33d2618013a161e1ff26c2b39787c/zstandard-0.25.0-cp312-cp312-musllinux_1_2_s390x.whl", hash = "sha256:99c0c846e6e61718715a3c9437ccc625de26593fea60189567f0118dc9db7512", size = 5814292, upload-time = "2025-09-14T22:17:17.827Z" },
    { url = "https://files.pythonhosted.org/packages/fc/5f/75aafd4b9d11b5407b641b8e41a57864097663699f23e9ad4dbb91dc6bfe/zstandard-0.25.0-cp312-cp312-musllinux_1_2_x86_64.whl", hash = "sha256:474d2596a2dbc241a556e965fb76002c1ce655445e4e3bf38e5477d413165ffa", size = 5360237, upload-time = "2025-09-14T22:17:19.954Z" },
    { url = "https://files.pythonhosted.org/packages/ff/8d/0309daffea4fcac7981021dbf21cdb2e3427a9e76bafbcdbdf5392ff99a4/zstandard-0.25.0-cp312-cp312-win32.whl", hash = "sha256:23ebc8f17a03133b4426bcc04aabd68f8236eb78c3760f12783385171b0fd8bd", size = 436922, upload-time = "2025-09-14T22:17:24.398Z" },
    { url = "https://files.pythonhosted.org/packages/79/3b/fa54d9015f945330510cb5d0b0501e8253c127cca7ebe8ba46a965df18c5/zstandard-0.25.0-cp312-cp312-win_amd64.whl", hash = "sha256:ffef5a74088f1e09947aecf91011136665152e0b4b359c42be3373897fb39b01", size = 506276, upload-time = "2025-09-14T22:17:21.429Z" },
    { url = "https://files.pythonhosted.org/packages/ea/6b/8b51697e5319b1f9ac71087b0af9a40d8a6288ff8025c36486e0c12abcc4/zstandard-0.25.0-cp312-cp312-win_arm64.whl", hash = "sha256:181eb40e0b6a29b3cd2849f825e0fa34397f649170673d385f3598ae17cca2e9", size = 462679, upload-time = "2025-09-14T22:17:23.147Z" },
    { url = "https://files.pythonhosted.org/packages/35/0b/8df9c4ad06af91d39e94fa96cc010a24ac4ef1378d3efab9223cc8593d40/zstandard-0.25.0-cp313-cp313-macosx_10_13_x86_64.whl", hash = "sha256:ec996f12524f88e151c339688c3897194821d7f03081ab35d31d1e12ec975e94", size = 795735, upload-time = "2025-09-14T22:17:26.042Z" },
    { url = "https://files.pythonhosted.org/packages/3f/06/9ae96a3e5dcfd119377ba33d4c42a7d89da1efabd5cb3e366b156c45ff4d/zstandard-0.25.0-cp313-cp313-macosx_11_0_arm64.whl", hash = "sha256:a1a4ae2dec3993a32247995bdfe367fc3266da832d82f8438c8570f989753de1", size = 640440, upload-time = "2025-09-14T22:17:27.366Z" },
    { url = "https://files.pythonhosted.org/packages/d9/14/933d27204c2bd404229c69f445862454dcc101cd69ef8c6068f15aaec12c/zstandard-0.25.0-cp313-cp313-manylinux2010_i686.manylinux2014_i686.manylinux_2_12_i686.manylinux_2_17_i686.whl", hash = "sha256:e96594a5537722fdfb79951672a2a63aec5ebfb823e7560586f7484819f2a08f", size = 5343070, upload-time = "2025-09-14T22:17:28.896Z" },
    { url = "https://files.pythonhosted.org/packages/6d/db/ddb11011826ed7db9d0e485d13df79b58586bfdec56e5c84a928a9a78c1c/zstandard-0.25.0-cp313-cp313-manylinux2014_aarch64.manylinux_2_17_aarch64.whl", hash = "sha256:bfc4e20784722098822e3eee42b8e576b379ed72cca4a7cb856ae733e62192ea", size = 5063001, upload-time = "2025-09-14T22:17:31.044Z" },
    { url = "https://files.pythonhosted.org/packages/db/00/87466ea3f99599d02a5238498b87bf84a6348290c19571051839ca943777/zstandard-0.25.0-cp313-cp313-manylinux2014_ppc64le.manylinux_2_17_ppc64le.whl", hash = "sha256:457ed498fc58cdc12fc48f7950e02740d4f7ae9493dd4ab2168a47c93c31298e", size = 5394120, upload-time = "2025-09-14T22:17:32.711Z" },
    { url = "https://files.pythonhosted.org/packages/2b/95/fc5531d9c618a679a20ff6c29e2b3ef1d1f4ad66c5e161ae6ff847d102a9/zstandard-0.25.0-cp313-cp313-manylinux2014_s390x.manylinux_2_17_s390x.whl", hash = "sha256:fd7a5004eb1980d3cefe26b2685bcb0b17989901a70a1040d1ac86f1d898c551", size = 5451230, upload-time = "2025-09-14T22:17:34.41Z" },
    { url = "https://files.pythonhosted.org/packages/63/4b/e3678b4e776db00f9f7b2fe58e547e8928ef32727d7a1ff01dea010f3f13/zstandard-0.25.0-cp313-cp313-manylinux2014_x86_64.manylinux_2_17_x86_64.whl", hash = "sha256:8e735494da3db08694d26480f1493ad2cf86e99bdd53e8e9771b2752a5c0246a", size = 5547173, upload-time = "2025-09-14T22:17:36.084Z" },
    { url = "https://files.pythonhosted.org/packages/4e/d5/ba05ed95c6b8ec30bd468dfeab20589f2cf709b5c940483e31d991f2ca58/zstandard-0.25.0-cp313-cp313-musllinux_1_1_aarch64.whl", hash = "sha256:3a39c94ad7866160a4a46d772e43311a743c316942037671beb264e395bdd611", size = 5046736, upload-time = "2025-09-14T22:17:37.891Z" },
    { url = "https://files.pythonhosted.org/packages/50/d5/870aa06b3a76c73eced65c044b92286a3c4e00554005ff51962deef28e28/zstandard-0.25.0-cp313-cp313-musllinux_1_1_x86_64.whl", hash = "sha256:172de1f06947577d3a3005416977cce6168f2261284c02080e7ad0185faeced3", size = 5576368, upload-time = "2025-09-14T22:17:40.206Z" },
    { url = "https://files.pythonhosted.org/packages/5d/35/398dc2ffc89d304d59bc12f0fdd931b4ce455bddf7038a0a67733a25f550/zstandard-0.25.0-cp313-cp313-musllinux_1_2_aarch64.whl", hash = "sha256:3c83b0188c852a47cd13ef3bf9209fb0a77fa5374958b8c53aaa699398c6bd7b", size = 4954022, upload-time = "2025-09-14T22:17:41.879Z" },
    { url = "https://files.pythonhosted.org/packages/9a/5c/36ba1e5507d56d2213202ec2b05e8541734af5f2ce378c5d1ceaf4d88dc4/zstandard-0.25.0-cp313-cp313-musllinux_1_2_i686.whl", hash = "sha256:1673b7199bbe763365b81a4f3252b8e80f44c9e323fc42940dc8843bfeaf9851", size = 5267889, upload-time = "2025-09-14T22:17:43.577Z" },
    { url = "https://files.pythonhosted.org/packages/70/e8/2ec6b6fb7358b2ec0113ae202647ca7c0e9d15b61c005ae5225ad0995df5/zstandard-0.25.0-cp313-cp313-musllinux_1_2_ppc64le.whl", hash = "sha256:0be7622c37c183406f3dbf0cba104118eb16a4ea7359eeb5752f0794882fc250", size = 5433952, upload-time = "2025-09-14T22:17:45.271Z" },
    { url = "https://files.pythonhosted.org/packages/7b/01/b5f4d4dbc59ef193e870495c6f1275f5b2928e01ff5a81fecb22a06e22fb/zstandard-0.25.0-cp313-cp313-musllinux_1_2_s390x.whl", hash = "sha256:5f5e4c2a23ca271c218ac025bd7d635597048b366d6f31f420aaeb715239fc98", size = 5814054, upload-time = "2025-09-14T22:17:47.08Z" },
    { url = "https://files.pythonhosted.org/packages/b2/e5/fbd822d5c6f427cf158316d012c5a12f233473c2f9c5fe5ab1ae5d21f3d8/zstandard-0.25.0-cp313-cp313-musllinux_1_2_x86_64.whl", hash = "sha256:4f187a0bb61b35119d1926aee039524d1f93aaf38a9916b8c4b78ac8514a0aaf", size = 5360113, upload-time = "2025-09-14T22:17:48.893Z" },
    { url = "https://files.pythonhosted.org/packages/8e/e0/69a553d2047f9a2c7347caa225bb3a63b6d7704ad74610cb7823baa08ed7/zstandard-0.25.0-cp313-cp313-win32.whl", hash = "sha256:7030defa83eef3e51ff26f0b7bfb229f0204b66fe18e04359ce3474ac33cbc09", size = 436936, upload-time = "2025-09-14T22:17:52.658Z" },
    { url = "https://files.pythonhosted.org/packages/d9/82/b9c06c870f3bd8767c201f1edbdf9e8dc34be5b0fbc5682c4f80fe948475/zstandard-0.25.0-cp313-cp313-win_amd64.whl", hash = "sha256:1f830a0dac88719af0ae43b8b2d6aef487d437036468ef3c2ea59c51f9d55fd5", size = 506232, upload-time = "2025-09-14T22:17:50.402Z" },
    { url = "https://files.pythonhosted.org/packages/d4/57/60c3c01243bb81d381c9916e2a6d9e149ab8627c0c7d7abb2d73384b3c0c/zstandard-0.25.0-cp313-cp313-win_arm64.whl", hash = "sha256:85304a43f4d513f5464ceb938aa02c1e78c2943b29f44a750b48b25ac999a049", size = 462671, upload-time = "2025-09-14T22:17:51.533Z" },
    { url = "https://files.pythonhosted.org/packages/3d/5c/f8923b595b55fe49e30612987ad8bf053aef555c14f05bb659dd5dbe3e8a/zstandard-0.25.0-cp314-cp314-macosx_10_13_x86_64.whl", hash = "sha256:e29f0cf06974c899b2c188ef7f783607dbef36da4c242eb6c82dcd8b512855e3", size = 795887, upload-time = "2025-09-14T22:17:54.198Z" },
    { url = "https://files.pythonhosted.org/packages/8d/09/d0a2a14fc3439c5f874042dca72a79c70a532090b7ba0003be73fee37ae2/zstandard-0.25.0-cp314-cp314-macosx_11_0_arm64.whl", hash = "sha256:05df5136bc5a011f33cd25bc9f506e7426c0c9b3f9954f056831ce68f3b6689f", size = 640658, upload-time = "2025-09-14T22:17:55.423Z" },
    { url = "https://files.pythonhosted.org/packages/5d/7c/8b6b71b1ddd517f68ffb55e10834388d4f793c49c6b83effaaa05785b0b4/zstandard-0.25.0-cp314-cp314-manylinux2010_i686.manylinux_2_12_i686.manylinux_2_28_i686.whl", hash = "sha256:f604efd28f239cc21b3adb53eb061e2a205dc164be408e553b41ba2ffe0ca15c", size = 5379849, upload-time = "2025-09-14T22:17:57.372Z" },
    { url = "https://files.pythonhosted.org/packages/a4/86/a48e56320d0a17189ab7a42645387334fba2200e904ee47fc5a26c1fd8ca/zstandard-0.25.0-cp314-cp314-manylinux2014_aarch64.manylinux_2_17_aarch64.manylinux_2_28_aarch64.whl", hash = "sha256:223415140608d0f0da010499eaa8ccdb9af210a543fac54bce15babbcfc78439", size = 5058095, upload-time = "2025-09-14T22:17:59.498Z" },
    { url = "https://files.pythonhosted.org/packages/f8/ad/eb659984ee2c0a779f9d06dbfe45e2dc39d99ff40a319895df2d3d9a48e5/zstandard-0.25.0-cp314-cp314-manylinux2014_ppc64le.manylinux_2_17_ppc64le.manylinux_2_28_ppc64le.whl", hash = "sha256:2e54296a283f3ab5a26fc9b8b5d4978ea0532f37b231644f367aa588930aa043", size = 5551751, upload-time = "2025-09-14T22:18:01.618Z" },
    { url = "https://files.pythonhosted.org/packages/61/b3/b637faea43677eb7bd42ab204dfb7053bd5c4582bfe6b1baefa80ac0c47b/zstandard-0.25.0-cp314-cp314-manylinux2014_s390x.manylinux_2_17_s390x.manylinux_2_28_s390x.whl", hash = "sha256:ca54090275939dc8ec5dea2d2afb400e0f83444b2fc24e07df7fdef677110859", size = 6364818, upload-time = "2025-09-14T22:18:03.769Z" },
    { url = "https://files.pythonhosted.org/packages/31/dc/cc50210e11e465c975462439a492516a73300ab8caa8f5e0902544fd748b/zstandard-0.25.0-cp314-cp314-manylinux2014_x86_64.manylinux_2_17_x86_64.manylinux_2_28_x86_64.whl", hash = "sha256:e09bb6252b6476d8d56100e8147b803befa9a12cea144bbe629dd508800d1ad0", size = 5560402, upload-time = "2025-09-14T22:18:05.954Z" },
    { url = "https://files.pythonhosted.org/packages/c9/ae/56523ae9c142f0c08efd5e868a6da613ae76614eca1305259c3bf6a0ed43/zstandard-0.25.0-cp314-cp314-musllinux_1_2_aarch64.whl", hash = "sha256:a9ec8c642d1ec73287ae3e726792dd86c96f5681eb8df274a757bf62b750eae7", size = 4955108, upload-time = "2025-09-14T22:18:07.68Z" },
    { url = "https://files.pythonhosted.org/packages/98/cf/c899f2d6df0840d5e384cf4c4121458c72802e8bda19691f3b16619f51e9/zstandard-0.25.0-cp314-cp314-musllinux_1_2_i686.whl", hash = "sha256:a4089a10e598eae6393756b036e0f419e8c1d60f44a831520f9af41c14216cf2", size = 5269248, upload-time = "2025-09-14T22:18:09.753Z" },
    { url = "https://files.pythonhosted.org/packages/1b/c0/59e912a531d91e1c192d3085fc0f6fb2852753c301a812d856d857ea03c6/zstandard-0.25.0-cp314-cp314-musllinux_1_2_ppc64le.whl", hash = "sha256:f67e8f1a324a900e75b5e28ffb152bcac9fbed1cc7b43f99cd90f395c4375344", size = 5430330, upload-time = "2025-09-14T22:18:11.966Z" },
    { url = "https://files.pythonhosted.org/packages/a0/1d/7e31db1240de2df22a58e2ea9a93fc6e38cc29353e660c0272b6735d6669/zstandard-0.25.0-cp314-cp314-musllinux_1_2_s390x.whl", hash = "sha256:9654dbc012d8b06fc3d19cc825af3f7bf8ae242226df5f83936cb39f5fdc846c", size = 5811123, upload-time = "2025-09-14T22:18:13.907Z" },
    { url = "https://files.pythonhosted.org/packages/f6/49/fac46df5ad353d50535e118d6983069df68ca5908d4d65b8c466150a4ff1/zstandard-0.25.0-cp314-cp314-musllinux_1_2_x86_64.whl", hash = "sha256:4203ce3b31aec23012d3a4cf4a2ed64d12fea5269c49aed5e4c3611b938e4088", size = 5359591, upload-time = "2025-09-14T22:18:16.465Z" },
    { url = "https://files.pythonhosted.org/packages/c2/38/f249a2050ad1eea0bb364046153942e34abba95dd5520af199aed86fbb49/zstandard-0.25.0-cp314-cp314-win32.whl", hash = "sha256:da469dc041701583e34de852d8634703550348d5822e66a0c827d39b05365b12", size = 444513, upload-time = "2025-09-14T22:18:20.61Z" },
    { url = "https://files.pythonhosted.org/packages/3a/43/241f9615bcf8ba8903b3f0432da069e857fc4fd1783bd26183db53c4804b/zstandard-0.25.0-cp314-cp314-win_amd64.whl", hash = "sha256:c19bcdd826e95671065f8692b5a4aa95c52dc7a02a4c5a0cac46deb879a017a2", size = 516118, upload-time = "2025-09-14T22:18:17.849Z" },
    { url = "https://files.pythonhosted.org/packages/f0/ef/da163ce2450ed4febf6467d77ccb4cd52c4c30ab45624bad26ca0a27260c/zstandard-0.25.0-cp314-cp314-win_arm64.whl", hash = "sha256:d7541afd73985c630bafcd6338d2518ae96060075f9463d7dc14cfb33514383d", size = 476940, upload-time = "2025-09-14T22:18:19.088Z" },
]
